# THIS IS AN AUTOGENERATED FILE. DO NOT EDIT THIS FILE DIRECTLY.
# yarn lockfile v1


"@webcomponents/custom-elements@^1.0.0":
  version "1.0.0"
  resolved "https://registry.yarnpkg.com/@webcomponents/custom-elements/-/custom-elements-1.0.0.tgz#b1726e12074b556aa31b93f36ff6a03a435259c4"

babel-runtime@^6.18.0:
  version "6.23.0"
  resolved "https://registry.yarnpkg.com/babel-runtime/-/babel-runtime-6.23.0.tgz#0a9489f144de70efb3ce4300accdb329e2fc543b"
  dependencies:
    core-js "^2.4.0"
    regenerator-runtime "^0.10.0"

common-tags@^1.4.0:
  version "1.4.0"
  resolved "https://registry.yarnpkg.com/common-tags/-/common-tags-1.4.0.tgz#1187be4f3d4cf0c0427d43f74eef1f73501614c0"
  dependencies:
    babel-runtime "^6.18.0"

core-js@^2.4.0:
  version "2.4.1"
  resolved "https://registry.yarnpkg.com/core-js/-/core-js-2.4.1.tgz#4de911e667b0eae9124e34254b53aea6fc618d3e"

preact@^8.1.0:
  version "8.1.0"
  resolved "https://registry.yarnpkg.com/preact/-/preact-8.1.0.tgz#f035b808eebb74e46d56246b02ca0f190b6d6574"

regenerator-runtime@^0.10.0:
  version "0.10.5"
  resolved "https://registry.yarnpkg.com/regenerator-runtime/-/regenerator-runtime-0.10.5.tgz#336c3efc1220adcedda2c9fab67b5a7955a33658"

skatejs@^5.0.0-alpha.7:
  version "5.0.0-alpha.7"
  resolved "https://registry.yarnpkg.com/skatejs/-/skatejs-5.0.0-alpha.7.tgz#56b7f2b8eacebd8e2e1eb0e0b13555775c9aa33c"

source-map-support@^0.4.15:
  version "0.4.15"
  resolved "https://registry.yarnpkg.com/source-map-support/-/source-map-support-0.4.15.tgz#03202df65c06d2bd8c7ec2362a193056fef8d3b1"
  dependencies:
    source-map "^0.5.6"

source-map@^0.5.6:
  version "0.5.6"
  resolved "https://registry.yarnpkg.com/source-map/-/source-map-0.5.6.tgz#75ce38f52bf0733c5a7f0c118d81334a2bb5f412"

undom@^0.3.3:
  version "0.3.3"
  resolved "https://registry.yarnpkg.com/undom/-/undom-0.3.3.tgz#58d1a2b0ce065975f7fc369c180a0131b625c1c3"
