# THIS IS AN AUTOGENERATED FILE. DO NOT EDIT THIS FILE DIRECTLY.
# yarn lockfile v1


"@webcomponents/custom-elements@^1.0.0":
  version "1.0.0"
  resolved "https://registry.yarnpkg.com/@webcomponents/custom-elements/-/custom-elements-1.0.0.tgz#b1726e12074b556aa31b93f36ff6a03a435259c4"

preact@^8.1.0:
  version "8.1.0"
  resolved "https://registry.yarnpkg.com/preact/-/preact-8.1.0.tgz#f035b808eebb74e46d56246b02ca0f190b6d6574"

skatejs@^5.0.0-alpha.4:
  version "5.0.0-alpha.4"
  resolved "https://registry.yarnpkg.com/skatejs/-/skatejs-5.0.0-alpha.4.tgz#aab89a52f7cb22615c60dba17d7d956282444320"

source-map-support@^0.4.15:
  version "0.4.15"
  resolved "https://registry.yarnpkg.com/source-map-support/-/source-map-support-0.4.15.tgz#03202df65c06d2bd8c7ec2362a193056fef8d3b1"
  dependencies:
    source-map "^0.5.6"

source-map@^0.5.6:
  version "0.5.6"
  resolved "https://registry.yarnpkg.com/source-map/-/source-map-0.5.6.tgz#75ce38f52bf0733c5a7f0c118d81334a2bb5f412"

undom@^0.3.3:
  version "0.3.3"
  resolved "https://registry.yarnpkg.com/undom/-/undom-0.3.3.tgz#58d1a2b0ce065975f7fc369c180a0131b625c1c3"
